
Microsoft Visual Studio Solution File, Format Version 12.00
# Visual Studio Version 16
VisualStudioVersion = 16.0.31729.503
MinimumVisualStudioVersion = 10.0.40219.1
Project("{8BC9CEB8-8B4A-11D0-8D11-00A0C91BC942}") = "TR3", "TR3.vcxproj", "{3588ED62-CBD0-4034-B2FF-C20842A8758F}"
EndProject
Global
	GlobalSection(SolutionConfigurationPlatforms) = preSolution
		Debug|x64 = Debug|x64
		Debug|x86 = Debug|x86
		Release|x64 = Release|x64
		Release|x86 = Release|x86
	EndGlobalSection
	GlobalSection(ProjectConfigurationPlatforms) = postSolution
		{3588ED62-CBD0-4034-B2FF-C20842A8758F}.Debug|x64.ActiveCfg = Debug|x64
		{3588ED62-CBD0-4034-B2FF-C20842A8758F}.Debug|x64.Build.0 = Debug|x64
		{3588ED62-CBD0-4034-B2FF-C20842A8758F}.Debug|x86.ActiveCfg = Debug|Win32
		{3588ED62-CBD0-4034-B2FF-C20842A8758F}.Debug|x86.Build.0 = Debug|Win32
		{3588ED62-CBD0-4034-B2FF-C20842A8758F}.Release|x64.ActiveCfg = Release|x64
		{3588ED62-CBD0-4034-B2FF-C20842A8758F}.Release|x64.Build.0 = Release|x64
		{3588ED62-CBD0-4034-B2FF-C20842A8758F}.Release|x86.ActiveCfg = Release|Win32
		{3588ED62-CBD0-4034-B2FF-C20842A8758F}.Release|x86.Build.0 = Release|Win32
	EndGlobalSection
	GlobalSection(SolutionProperties) = preSolution
		HideSolutionNode = FALSE
	EndGlobalSection
	GlobalSection(ExtensibilityGlobals) = postSolution
		SolutionGuid = {B4BBCE07-BA07-4CA2-881E-45FB9F9530E8}
	EndGlobalSection
EndGlobal
